
Microsoft Visual Studio Solution File, Format Version 12.00
# Visual Studio Version 16
VisualStudioVersion = 16.0.30406.217
MinimumVisualStudioVersion = 10.0.40219.1
Project("{9A19103F-16F7-4668-BE54-9A1E7A4F7556}") = "CompanyEmployees", "CompanyEmployees\CompanyEmployees.csproj", "{1ACE1A73-8756-4E93-B380-47A951EA0012}"
EndProject
Project("{9A19103F-16F7-4668-BE54-9A1E7A4F7556}") = "Entities", "Entities\Entities.csproj", "{50E889CA-FDD3-4AF1-94B9-427ABE6B84D8}"
EndProject
Project("{9A19103F-16F7-4668-BE54-9A1E7A4F7556}") = "Contracts", "Contracts\Contracts.csproj", "{BFBC7194-946E-438E-9F38-99FC9725B1B1}"
EndProject
Project("{9A19103F-16F7-4668-BE54-9A1E7A4F7556}") = "LoggerService", "LoggerService\LoggerService.csproj", "{F507483F-6001-4978-B6BF-B65DF90BFB26}"
EndProject
Project("{9A19103F-16F7-4668-BE54-9A1E7A4F7556}") = "Repository", "Repository\Repository.csproj", "{6CEF4541-95BB-494B-9B64-AFFF2CE4B42C}"
EndProject
Global
	GlobalSection(SolutionConfigurationPlatforms) = preSolution
		Debug|Any CPU = Debug|Any CPU
		Release|Any CPU = Release|Any CPU
	EndGlobalSection
	GlobalSection(ProjectConfigurationPlatforms) = postSolution
		{1ACE1A73-8756-4E93-B380-47A951EA0012}.Debug|Any CPU.ActiveCfg = Debug|Any CPU
		{1ACE1A73-8756-4E93-B380-47A951EA0012}.Debug|Any CPU.Build.0 = Debug|Any CPU
		{1ACE1A73-8756-4E93-B380-47A951EA0012}.Release|Any CPU.ActiveCfg = Release|Any CPU
		{1ACE1A73-8756-4E93-B380-47A951EA0012}.Release|Any CPU.Build.0 = Release|Any CPU
		{50E889CA-FDD3-4AF1-94B9-427ABE6B84D8}.Debug|Any CPU.ActiveCfg = Debug|Any CPU
		{50E889CA-FDD3-4AF1-94B9-427ABE6B84D8}.Debug|Any CPU.Build.0 = Debug|Any CPU
		{50E889CA-FDD3-4AF1-94B9-427ABE6B84D8}.Release|Any CPU.ActiveCfg = Release|Any CPU
		{50E889CA-FDD3-4AF1-94B9-427ABE6B84D8}.Release|Any CPU.Build.0 = Release|Any CPU
		{BFBC7194-946E-438E-9F38-99FC9725B1B1}.Debug|Any CPU.ActiveCfg = Debug|Any CPU
		{BFBC7194-946E-438E-9F38-99FC9725B1B1}.Debug|Any CPU.Build.0 = Debug|Any CPU
		{BFBC7194-946E-438E-9F38-99FC9725B1B1}.Release|Any CPU.ActiveCfg = Release|Any CPU
		{BFBC7194-946E-438E-9F38-99FC9725B1B1}.Release|Any CPU.Build.0 = Release|Any CPU
		{F507483F-6001-4978-B6BF-B65DF90BFB26}.Debug|Any CPU.ActiveCfg = Debug|Any CPU
		{F507483F-6001-4978-B6BF-B65DF90BFB26}.Debug|Any CPU.Build.0 = Debug|Any CPU
		{F507483F-6001-4978-B6BF-B65DF90BFB26}.Release|Any CPU.ActiveCfg = Release|Any CPU
		{F507483F-6001-4978-B6BF-B65DF90BFB26}.Release|Any CPU.Build.0 = Release|Any CPU
		{6CEF4541-95BB-494B-9B64-AFFF2CE4B42C}.Debug|Any CPU.ActiveCfg = Debug|Any CPU
		{6CEF4541-95BB-494B-9B64-AFFF2CE4B42C}.Debug|Any CPU.Build.0 = Debug|Any CPU
		{6CEF4541-95BB-494B-9B64-AFFF2CE4B42C}.Release|Any CPU.ActiveCfg = Release|Any CPU
		{6CEF4541-95BB-494B-9B64-AFFF2CE4B42C}.Release|Any CPU.Build.0 = Release|Any CPU
	EndGlobalSection
	GlobalSection(SolutionProperties) = preSolution
		HideSolutionNode = FALSE
	EndGlobalSection
	GlobalSection(ExtensibilityGlobals) = postSolution
		SolutionGuid = {28D9DDE1-F196-4652-BF5D-BA5940E2DC36}
	EndGlobalSection
EndGlobal
